
Microsoft Visual Studio Solution File, Format Version 12.00
# Visual Studio Version 17
VisualStudioVersion = 17.4.33110.190
MinimumVisualStudioVersion = 10.0.40219.1
Project("{FAE04EC0-301F-11D3-BF4B-00C04F79EFBC}") = "CalculatorApp", "Calculator App\CalculatorApp.csproj", "{0B60D1A6-3933-40CC-A558-4DC386C0D373}"
EndProject
Global
	GlobalSection(SolutionConfigurationPlatforms) = preSolution
		Debug|Any CPU = Debug|Any CPU
		Release|Any CPU = Release|Any CPU
	EndGlobalSection
	GlobalSection(ProjectConfigurationPlatforms) = postSolution
		{0B60D1A6-3933-40CC-A558-4DC386C0D373}.Debug|Any CPU.ActiveCfg = Debug|Any CPU
		{0B60D1A6-3933-40CC-A558-4DC386C0D373}.Debug|Any CPU.Build.0 = Debug|Any CPU
		{0B60D1A6-3933-40CC-A558-4DC386C0D373}.Release|Any CPU.ActiveCfg = Release|Any CPU
		{0B60D1A6-3933-40CC-A558-4DC386C0D373}.Release|Any CPU.Build.0 = Release|Any CPU
	EndGlobalSection
	GlobalSection(SolutionProperties) = preSolution
		HideSolutionNode = FALSE
	EndGlobalSection
	GlobalSection(ExtensibilityGlobals) = postSolution
		SolutionGuid = {6381A9D9-A282-469D-B5A8-E2B10FB29AD6}
	EndGlobalSection
EndGlobal
