
Microsoft Visual Studio Solution File, Format Version 12.00
# Visual Studio Version 17
VisualStudioVersion = 17.7.34031.279
MinimumVisualStudioVersion = 10.0.40219.1
Project("{FAE04EC0-301F-11D3-BF4B-00C04F79EFBC}") = "Find Substring", "Find Substring\Find Substring.csproj", "{6DA6483D-8447-4146-943D-D7B0AD0F7B59}"
EndProject
Global
	GlobalSection(SolutionConfigurationPlatforms) = preSolution
		Debug|Any CPU = Debug|Any CPU
		Release|Any CPU = Release|Any CPU
	EndGlobalSection
	GlobalSection(ProjectConfigurationPlatforms) = postSolution
		{6DA6483D-8447-4146-943D-D7B0AD0F7B59}.Debug|Any CPU.ActiveCfg = Debug|Any CPU
		{6DA6483D-8447-4146-943D-D7B0AD0F7B59}.Debug|Any CPU.Build.0 = Debug|Any CPU
		{6DA6483D-8447-4146-943D-D7B0AD0F7B59}.Release|Any CPU.ActiveCfg = Release|Any CPU
		{6DA6483D-8447-4146-943D-D7B0AD0F7B59}.Release|Any CPU.Build.0 = Release|Any CPU
	EndGlobalSection
	GlobalSection(SolutionProperties) = preSolution
		HideSolutionNode = FALSE
	EndGlobalSection
	GlobalSection(ExtensibilityGlobals) = postSolution
		SolutionGuid = {1B3A800B-D733-4E9F-A362-A407C41E6E97}
	EndGlobalSection
EndGlobal
