
Microsoft Visual Studio Solution File, Format Version 12.00
# Visual Studio Version 17
VisualStudioVersion = 17.7.34031.279
MinimumVisualStudioVersion = 10.0.40219.1
Project("{FAE04EC0-301F-11D3-BF4B-00C04F79EFBC}") = "Web Scrape", "Web Scrape\Web Scrape.csproj", "{90858641-A9D9-4ABB-B742-98EE549ADBA4}"
EndProject
Global
	GlobalSection(SolutionConfigurationPlatforms) = preSolution
		Debug|Any CPU = Debug|Any CPU
		Release|Any CPU = Release|Any CPU
	EndGlobalSection
	GlobalSection(ProjectConfigurationPlatforms) = postSolution
		{90858641-A9D9-4ABB-B742-98EE549ADBA4}.Debug|Any CPU.ActiveCfg = Debug|Any CPU
		{90858641-A9D9-4ABB-B742-98EE549ADBA4}.Debug|Any CPU.Build.0 = Debug|Any CPU
		{90858641-A9D9-4ABB-B742-98EE549ADBA4}.Release|Any CPU.ActiveCfg = Release|Any CPU
		{90858641-A9D9-4ABB-B742-98EE549ADBA4}.Release|Any CPU.Build.0 = Release|Any CPU
	EndGlobalSection
	GlobalSection(SolutionProperties) = preSolution
		HideSolutionNode = FALSE
	EndGlobalSection
	GlobalSection(ExtensibilityGlobals) = postSolution
		SolutionGuid = {6B39535E-3F6F-41B2-B06F-473D7B2B6C4F}
	EndGlobalSection
EndGlobal
