
Microsoft Visual Studio Solution File, Format Version 12.00
# Visual Studio Version 17
VisualStudioVersion = 17.4.33110.190
MinimumVisualStudioVersion = 10.0.40219.1
Project("{FAE04EC0-301F-11D3-BF4B-00C04F79EFBC}") = "ToDoListApp", "ToDoListApp\ToDoListApp.csproj", "{922CFE4F-2596-4BED-8D54-17EBC4BF93C7}"
EndProject
Global
	GlobalSection(SolutionConfigurationPlatforms) = preSolution
		Debug|Any CPU = Debug|Any CPU
		Release|Any CPU = Release|Any CPU
	EndGlobalSection
	GlobalSection(ProjectConfigurationPlatforms) = postSolution
		{922CFE4F-2596-4BED-8D54-17EBC4BF93C7}.Debug|Any CPU.ActiveCfg = Debug|Any CPU
		{922CFE4F-2596-4BED-8D54-17EBC4BF93C7}.Debug|Any CPU.Build.0 = Debug|Any CPU
		{922CFE4F-2596-4BED-8D54-17EBC4BF93C7}.Release|Any CPU.ActiveCfg = Release|Any CPU
		{922CFE4F-2596-4BED-8D54-17EBC4BF93C7}.Release|Any CPU.Build.0 = Release|Any CPU
	EndGlobalSection
	GlobalSection(SolutionProperties) = preSolution
		HideSolutionNode = FALSE
	EndGlobalSection
	GlobalSection(ExtensibilityGlobals) = postSolution
		SolutionGuid = {B3D02B5D-7C7A-4130-B45F-CD9F856EB6C0}
	EndGlobalSection
EndGlobal
