
Microsoft Visual Studio Solution File, Format Version 12.00
# Visual Studio Version 17
VisualStudioVersion = 17.4.33110.190
MinimumVisualStudioVersion = 10.0.40219.1
Project("{FAE04EC0-301F-11D3-BF4B-00C04F79EFBC}") = "Student Grading App Updated", "Student Grading App Updated\Student Grading App Updated.csproj", "{232BF424-6006-4543-AF96-2ACB79A744DF}"
EndProject
Global
	GlobalSection(SolutionConfigurationPlatforms) = preSolution
		Debug|Any CPU = Debug|Any CPU
		Release|Any CPU = Release|Any CPU
	EndGlobalSection
	GlobalSection(ProjectConfigurationPlatforms) = postSolution
		{232BF424-6006-4543-AF96-2ACB79A744DF}.Debug|Any CPU.ActiveCfg = Debug|Any CPU
		{232BF424-6006-4543-AF96-2ACB79A744DF}.Debug|Any CPU.Build.0 = Debug|Any CPU
		{232BF424-6006-4543-AF96-2ACB79A744DF}.Release|Any CPU.ActiveCfg = Release|Any CPU
		{232BF424-6006-4543-AF96-2ACB79A744DF}.Release|Any CPU.Build.0 = Release|Any CPU
	EndGlobalSection
	GlobalSection(SolutionProperties) = preSolution
		HideSolutionNode = FALSE
	EndGlobalSection
	GlobalSection(ExtensibilityGlobals) = postSolution
		SolutionGuid = {B675A6B0-BFAC-45C4-8D26-6606E03BF310}
	EndGlobalSection
EndGlobal
