
Microsoft Visual Studio Solution File, Format Version 12.00
# Visual Studio Version 17
VisualStudioVersion = 17.7.34031.279
MinimumVisualStudioVersion = 10.0.40219.1
Project("{FAE04EC0-301F-11D3-BF4B-00C04F79EFBC}") = "Remove Duplicate Chars from a String", "Remove Duplicate Chars from a String\Remove Duplicate Chars from a String.csproj", "{0847242D-C3E8-4DBD-9236-5BDD4D8D768E}"
EndProject
Global
	GlobalSection(SolutionConfigurationPlatforms) = preSolution
		Debug|Any CPU = Debug|Any CPU
		Release|Any CPU = Release|Any CPU
	EndGlobalSection
	GlobalSection(ProjectConfigurationPlatforms) = postSolution
		{0847242D-C3E8-4DBD-9236-5BDD4D8D768E}.Debug|Any CPU.ActiveCfg = Debug|Any CPU
		{0847242D-C3E8-4DBD-9236-5BDD4D8D768E}.Debug|Any CPU.Build.0 = Debug|Any CPU
		{0847242D-C3E8-4DBD-9236-5BDD4D8D768E}.Release|Any CPU.ActiveCfg = Release|Any CPU
		{0847242D-C3E8-4DBD-9236-5BDD4D8D768E}.Release|Any CPU.Build.0 = Release|Any CPU
	EndGlobalSection
	GlobalSection(SolutionProperties) = preSolution
		HideSolutionNode = FALSE
	EndGlobalSection
	GlobalSection(ExtensibilityGlobals) = postSolution
		SolutionGuid = {A8A74592-E493-4DE9-9275-AD6FFB49B641}
	EndGlobalSection
EndGlobal
