
Microsoft Visual Studio Solution File, Format Version 12.00
# Visual Studio Version 17
VisualStudioVersion = 17.7.34031.279
MinimumVisualStudioVersion = 10.0.40219.1
Project("{FAE04EC0-301F-11D3-BF4B-00C04F79EFBC}") = "Variable Scope", "Variable Scope\Variable Scope.csproj", "{0069BB80-DA94-4FB9-BC35-763BA2F4EC08}"
EndProject
Global
	GlobalSection(SolutionConfigurationPlatforms) = preSolution
		Debug|Any CPU = Debug|Any CPU
		Release|Any CPU = Release|Any CPU
	EndGlobalSection
	GlobalSection(ProjectConfigurationPlatforms) = postSolution
		{0069BB80-DA94-4FB9-BC35-763BA2F4EC08}.Debug|Any CPU.ActiveCfg = Debug|Any CPU
		{0069BB80-DA94-4FB9-BC35-763BA2F4EC08}.Debug|Any CPU.Build.0 = Debug|Any CPU
		{0069BB80-DA94-4FB9-BC35-763BA2F4EC08}.Release|Any CPU.ActiveCfg = Release|Any CPU
		{0069BB80-DA94-4FB9-BC35-763BA2F4EC08}.Release|Any CPU.Build.0 = Release|Any CPU
	EndGlobalSection
	GlobalSection(SolutionProperties) = preSolution
		HideSolutionNode = FALSE
	EndGlobalSection
	GlobalSection(ExtensibilityGlobals) = postSolution
		SolutionGuid = {EC6CCC6E-8ADC-4060-B87F-A47520D01D96}
	EndGlobalSection
EndGlobal
