
Microsoft Visual Studio Solution File, Format Version 12.00
# Visual Studio Version 17
VisualStudioVersion = 17.7.34031.279
MinimumVisualStudioVersion = 10.0.40219.1
Project("{FAE04EC0-301F-11D3-BF4B-00C04F79EFBC}") = "Prime Num Check", "Prime Num Check\Prime Num Check.csproj", "{028B2527-63EA-4721-BE2E-1A3B0008E619}"
EndProject
Global
	GlobalSection(SolutionConfigurationPlatforms) = preSolution
		Debug|Any CPU = Debug|Any CPU
		Release|Any CPU = Release|Any CPU
	EndGlobalSection
	GlobalSection(ProjectConfigurationPlatforms) = postSolution
		{028B2527-63EA-4721-BE2E-1A3B0008E619}.Debug|Any CPU.ActiveCfg = Debug|Any CPU
		{028B2527-63EA-4721-BE2E-1A3B0008E619}.Debug|Any CPU.Build.0 = Debug|Any CPU
		{028B2527-63EA-4721-BE2E-1A3B0008E619}.Release|Any CPU.ActiveCfg = Release|Any CPU
		{028B2527-63EA-4721-BE2E-1A3B0008E619}.Release|Any CPU.Build.0 = Release|Any CPU
	EndGlobalSection
	GlobalSection(SolutionProperties) = preSolution
		HideSolutionNode = FALSE
	EndGlobalSection
	GlobalSection(ExtensibilityGlobals) = postSolution
		SolutionGuid = {7D75BB72-6864-4946-84B0-A7F30644213E}
	EndGlobalSection
EndGlobal
